{
  "originHash" : "21633fe2e4fa7db31175de22c46564cac4d6f4e2462b1f4351c04581b4332622",
  "pins" : [
    {
      "identity" : "capacitor-swift-pm",
      "kind" : "remoteSourceControl",
      "location" : "https://github.com/ionic-team/capacitor-swift-pm.git",
      "state" : {
        "revision" : "2231987d85b8b0b289320b1d0947b4ae8345cde4",
        "version" : "8.4.1"
      }
    },
    {
      "identity" : "purchases-hybrid-common",
      "kind" : "remoteSourceControl",
      "location" : "https://github.com/RevenueCat/purchases-hybrid-common.git",
      "state" : {
        "revision" : "2b880c2bc583af88f95963840664eda33d34fe78",
        "version" : "18.31.0"
      }
    },
    {
      "identity" : "purchases-ios-spm",
      "kind" : "remoteSourceControl",
      "location" : "https://github.com/RevenueCat/purchases-ios-spm",
      "state" : {
        "revision" : "48601a7f742b05abcd9d9c7d3d768b97e800aa2c",
        "version" : "5.84.0"
      }
    }
  ],
  "version" : 3
}
