// !$*UTF8*$!
{
	archiveVersion = 1;
	classes = {
	};
	objectVersion = 60;
	objects = {

/* Begin PBXBuildFile section */
		00B4D17EC3B2C37AFDCB3718 /* RestActivityPlugin.swift in Sources */ = {isa = PBXBuildFile; fileRef = 09D0504D4790907242FD0024 /* RestActivityPlugin.swift */; };
		A11E4C0A2E0B11F0AA010101 /* StoreKitPlugin.swift in Sources */ = {isa = PBXBuildFile; fileRef = A11E4C092E0B11F0AA010100 /* StoreKitPlugin.swift */; };
		B77A4C0A2E0B11F0AA010101 /* AppReviewPlugin.swift in Sources */ = {isa = PBXBuildFile; fileRef = B77A4C092E0B11F0AA010100 /* AppReviewPlugin.swift */; };
		2FAD9763203C412B000D30F8 /* config.xml in Resources */ = {isa = PBXBuildFile; fileRef = 2FAD9762203C412B000D30F8 /* config.xml */; };
		316C2D96387D8DBFE8B2CADA /* RestActivityAttributes.swift in Sources */ = {isa = PBXBuildFile; fileRef = 9774CA8A1B7939BB8417C6C0 /* RestActivityAttributes.swift */; };
		341E5676EB8D09FFD5859E8F /* Assets.xcassets in Resources */ = {isa = PBXBuildFile; fileRef = 90732EDC0FD9422339C4BA5E /* Assets.xcassets */; };
		4D22ABE92AF431CB00220026 /* CapApp-SPM in Frameworks */ = {isa = PBXBuildFile; productRef = 4D22ABE82AF431CB00220026 /* CapApp-SPM */; };
		50379B232058CBB4000EE86E /* capacitor.config.json in Resources */ = {isa = PBXBuildFile; fileRef = 50379B222058CBB4000EE86E /* capacitor.config.json */; };
		504EC3081FED79650016851F /* AppDelegate.swift in Sources */ = {isa = PBXBuildFile; fileRef = 504EC3071FED79650016851F /* AppDelegate.swift */; };
		504EC30D1FED79650016851F /* Main.storyboard in Resources */ = {isa = PBXBuildFile; fileRef = 504EC30B1FED79650016851F /* Main.storyboard */; };
		504EC30F1FED79650016851F /* Assets.xcassets in Resources */ = {isa = PBXBuildFile; fileRef = 504EC30E1FED79650016851F /* Assets.xcassets */; };
		504EC3121FED79650016851F /* LaunchScreen.storyboard in Resources */ = {isa = PBXBuildFile; fileRef = 504EC3101FED79650016851F /* LaunchScreen.storyboard */; };
		50B271D11FEDC1A000F3C39B /* public in Resources */ = {isa = PBXBuildFile; fileRef = 50B271D01FEDC1A000F3C39B /* public */; };
		808D7B97039BA0A8513C1A7F /* RestActivityAttributes.swift in Sources */ = {isa = PBXBuildFile; fileRef = 9774CA8A1B7939BB8417C6C0 /* RestActivityAttributes.swift */; };
		DD5E4C0A2E0B11F0AA010001 /* HealthKitPlugin.swift in Sources */ = {isa = PBXBuildFile; fileRef = DD5E4C092E0B11F0AA010001 /* HealthKitPlugin.swift */; };
		DD5E4C0C2E0B11F0AA010003 /* MyViewController.swift in Sources */ = {isa = PBXBuildFile; fileRef = DD5E4C0D2E0B11F0AA010004 /* MyViewController.swift */; };
		DD5E4C112E0B11F0AA010006 /* PrivacyInfo.xcprivacy in Resources */ = {isa = PBXBuildFile; fileRef = DD5E4C0F2E0B11F0AA010005 /* PrivacyInfo.xcprivacy */; };
		E34AFE3633C961B9F18A0330 /* DeadSetRestActivity.appex in Embed Foundation Extensions */ = {isa = PBXBuildFile; fileRef = 6355C7A498F942A0B16A5857 /* DeadSetRestActivity.appex */; settings = {ATTRIBUTES = (RemoveHeadersOnCopy, ); }; };
		E40CC4A5E6A990F00D69F904 /* Foundation.framework in Frameworks */ = {isa = PBXBuildFile; fileRef = C57BC35B9CF5AEFC028BB38F /* Foundation.framework */; };
		EEB7161F538A742A62782921 /* RestLiveActivity.swift in Sources */ = {isa = PBXBuildFile; fileRef = B7676950F92E00726A64E17C /* RestLiveActivity.swift */; };
		DEADFA00000000000000001D /* DeadSetWatchApp.swift in Sources */ = {isa = PBXBuildFile; fileRef = DEADFA00000000000000000F /* DeadSetWatchApp.swift */; };
		DEADFA00000000000000001E /* WatchConnector.swift in Sources */ = {isa = PBXBuildFile; fileRef = DEADFA000000000000000010 /* WatchConnector.swift */; };
		DEADFA00000000000000001F /* WatchHaptics.swift in Sources */ = {isa = PBXBuildFile; fileRef = DEADFA000000000000000011 /* WatchHaptics.swift */; };
		DEADFA000000000000000020 /* WorkoutKeepAlive.swift in Sources */ = {isa = PBXBuildFile; fileRef = DEADFA000000000000000012 /* WorkoutKeepAlive.swift */; };
		DEADFA000000000000000021 /* SessionView.swift in Sources */ = {isa = PBXBuildFile; fileRef = DEADFA000000000000000013 /* SessionView.swift */; };
		DEADFA000000000000000022 /* ExerciseView.swift in Sources */ = {isa = PBXBuildFile; fileRef = DEADFA000000000000000014 /* ExerciseView.swift */; };
		DEADFA000000000000000023 /* TimedExerciseView.swift in Sources */ = {isa = PBXBuildFile; fileRef = DEADFA000000000000000015 /* TimedExerciseView.swift */; };
		DEADFA000000000000000024 /* RestTimerView.swift in Sources */ = {isa = PBXBuildFile; fileRef = DEADFA000000000000000016 /* RestTimerView.swift */; };
		DEADFA000000000000000025 /* WatchProtocol.swift in Sources */ = {isa = PBXBuildFile; fileRef = DEADFA000000000000000019 /* WatchProtocol.swift */; };
		DEADFA000000000000000026 /* Assets.xcassets in Resources */ = {isa = PBXBuildFile; fileRef = DEADFA00000000000000001C /* Assets.xcassets */; };
		DEADFA000000000000000027 /* WatchConnectivityHub.swift in Sources */ = {isa = PBXBuildFile; fileRef = DEADFA000000000000000017 /* WatchConnectivityHub.swift */; };
		DEADFA000000000000000028 /* WatchBridgePlugin.swift in Sources */ = {isa = PBXBuildFile; fileRef = DEADFA000000000000000018 /* WatchBridgePlugin.swift */; };
		DEADFA00000000000000002B /* HapticsPlugin.swift in Sources */ = {isa = PBXBuildFile; fileRef = DEADFA00000000000000002A /* HapticsPlugin.swift */; };
		DEADFA000000000000000029 /* WatchProtocol.swift in Sources */ = {isa = PBXBuildFile; fileRef = DEADFA000000000000000019 /* WatchProtocol.swift */; };
		DEADFA00000000000000000C /* DeadSetWatch.app in Embed Watch Content */ = {isa = PBXBuildFile; fileRef = DEADFA000000000000000002 /* DeadSetWatch.app */; settings = {ATTRIBUTES = (RemoveHeadersOnCopy, ); }; };
		DEADFA000000000000000042 /* WidgetSnapshot.swift in Sources */ = {isa = PBXBuildFile; fileRef = DEADFA000000000000000041 /* WidgetSnapshot.swift */; };
		DEADFA000000000000000043 /* WidgetSnapshot.swift in Sources */ = {isa = PBXBuildFile; fileRef = DEADFA000000000000000041 /* WidgetSnapshot.swift */; };
		DEADFA000000000000000045 /* WorkoutActivityAttributes.swift in Sources */ = {isa = PBXBuildFile; fileRef = DEADFA000000000000000044 /* WorkoutActivityAttributes.swift */; };
		DEADFA000000000000000046 /* WorkoutActivityAttributes.swift in Sources */ = {isa = PBXBuildFile; fileRef = DEADFA000000000000000044 /* WorkoutActivityAttributes.swift */; };
		DEADFA000000000000000048 /* WidgetBridgePlugin.swift in Sources */ = {isa = PBXBuildFile; fileRef = DEADFA000000000000000047 /* WidgetBridgePlugin.swift */; };
		DEADFA00000000000000004A /* WorkoutActivityPlugin.swift in Sources */ = {isa = PBXBuildFile; fileRef = DEADFA000000000000000049 /* WorkoutActivityPlugin.swift */; };
		DEADFA00000000000000004C /* DeadSetWidgets.swift in Sources */ = {isa = PBXBuildFile; fileRef = DEADFA00000000000000004B /* DeadSetWidgets.swift */; };
		DEADFA00000000000000004E /* WorkoutLiveActivity.swift in Sources */ = {isa = PBXBuildFile; fileRef = DEADFA00000000000000004D /* WorkoutLiveActivity.swift */; };
/* End PBXBuildFile section */

/* Begin PBXContainerItemProxy section */
		0AA63689DE854F5F780703BF /* PBXContainerItemProxy */ = {
			isa = PBXContainerItemProxy;
			containerPortal = 504EC2FC1FED79650016851F /* Project object */;
			proxyType = 1;
			remoteGlobalIDString = 8E0CAE2B398FD0B9471F0FF4;
			remoteInfo = DeadSetRestActivity;
		};
		DEADFA00000000000000000E /* PBXContainerItemProxy */ = {
			isa = PBXContainerItemProxy;
			containerPortal = 504EC2FC1FED79650016851F /* Project object */;
			proxyType = 1;
			remoteGlobalIDString = DEADFA000000000000000001;
			remoteInfo = DeadSetWatch;
		};
/* End PBXContainerItemProxy section */

/* Begin PBXCopyFilesBuildPhase section */
		CAD969FF87D84F3FCF248AC5 /* Embed Foundation Extensions */ = {
			isa = PBXCopyFilesBuildPhase;
			buildActionMask = 2147483647;
			dstPath = "";
			dstSubfolderSpec = 13;
			files = (
				E34AFE3633C961B9F18A0330 /* DeadSetRestActivity.appex in Embed Foundation Extensions */,
			);
			name = "Embed Foundation Extensions";
			runOnlyForDeploymentPostprocessing = 0;
		};
		DEADFA00000000000000000B /* Embed Watch Content */ = {
			isa = PBXCopyFilesBuildPhase;
			buildActionMask = 2147483647;
			dstPath = "$(CONTENTS_FOLDER_PATH)/Watch";
			dstSubfolderSpec = 16;
			files = (
				DEADFA00000000000000000C /* DeadSetWatch.app in Embed Watch Content */,
			);
			name = "Embed Watch Content";
			runOnlyForDeploymentPostprocessing = 0;
		};
/* End PBXCopyFilesBuildPhase section */

/* Begin PBXFileReference section */
		09D0504D4790907242FD0024 /* RestActivityPlugin.swift */ = {isa = PBXFileReference; includeInIndex = 1; lastKnownFileType = sourcecode.swift; path = RestActivityPlugin.swift; sourceTree = "<group>"; };
		A11E4C092E0B11F0AA010100 /* StoreKitPlugin.swift */ = {isa = PBXFileReference; lastKnownFileType = sourcecode.swift; path = StoreKitPlugin.swift; sourceTree = "<group>"; };
		B77A4C092E0B11F0AA010100 /* AppReviewPlugin.swift */ = {isa = PBXFileReference; lastKnownFileType = sourcecode.swift; path = AppReviewPlugin.swift; sourceTree = "<group>"; };
		2FAD9762203C412B000D30F8 /* config.xml */ = {isa = PBXFileReference; lastKnownFileType = text.xml; path = config.xml; sourceTree = "<group>"; };
		50379B222058CBB4000EE86E /* capacitor.config.json */ = {isa = PBXFileReference; fileEncoding = 4; lastKnownFileType = text.json; path = capacitor.config.json; sourceTree = "<group>"; };
		504EC3041FED79650016851F /* DeadSet.app */ = {isa = PBXFileReference; explicitFileType = wrapper.application; includeInIndex = 0; path = DeadSet.app; sourceTree = BUILT_PRODUCTS_DIR; };
		504EC3071FED79650016851F /* AppDelegate.swift */ = {isa = PBXFileReference; lastKnownFileType = sourcecode.swift; path = AppDelegate.swift; sourceTree = "<group>"; };
		504EC30C1FED79650016851F /* Base */ = {isa = PBXFileReference; lastKnownFileType = file.storyboard; name = Base; path = Base.lproj/Main.storyboard; sourceTree = "<group>"; };
		504EC30E1FED79650016851F /* Assets.xcassets */ = {isa = PBXFileReference; lastKnownFileType = folder.assetcatalog; path = Assets.xcassets; sourceTree = "<group>"; };
		504EC3111FED79650016851F /* Base */ = {isa = PBXFileReference; lastKnownFileType = file.storyboard; name = Base; path = Base.lproj/LaunchScreen.storyboard; sourceTree = "<group>"; };
		504EC3131FED79650016851F /* Info.plist */ = {isa = PBXFileReference; lastKnownFileType = text.plist.xml; path = Info.plist; sourceTree = "<group>"; };
		50B271D01FEDC1A000F3C39B /* public */ = {isa = PBXFileReference; lastKnownFileType = folder; path = public; sourceTree = "<group>"; };
		6355C7A498F942A0B16A5857 /* DeadSetRestActivity.appex */ = {isa = PBXFileReference; explicitFileType = "wrapper.app-extension"; includeInIndex = 0; path = DeadSetRestActivity.appex; sourceTree = BUILT_PRODUCTS_DIR; };
		90732EDC0FD9422339C4BA5E /* Assets.xcassets */ = {isa = PBXFileReference; includeInIndex = 1; lastKnownFileType = folder.assetcatalog; path = Assets.xcassets; sourceTree = "<group>"; };
		958DCC722DB07C7200EA8C5F /* debug.xcconfig */ = {isa = PBXFileReference; lastKnownFileType = text.xcconfig; name = debug.xcconfig; path = ../debug.xcconfig; sourceTree = SOURCE_ROOT; };
		9774CA8A1B7939BB8417C6C0 /* RestActivityAttributes.swift */ = {isa = PBXFileReference; includeInIndex = 1; lastKnownFileType = sourcecode.swift; path = RestActivityAttributes.swift; sourceTree = "<group>"; };
		B676AB46D999796FC627C65B /* Info.plist */ = {isa = PBXFileReference; includeInIndex = 1; lastKnownFileType = text.plist.xml; path = Info.plist; sourceTree = "<group>"; };
		B7676950F92E00726A64E17C /* RestLiveActivity.swift */ = {isa = PBXFileReference; includeInIndex = 1; lastKnownFileType = sourcecode.swift; path = RestLiveActivity.swift; sourceTree = "<group>"; };
		C57BC35B9CF5AEFC028BB38F /* Foundation.framework */ = {isa = PBXFileReference; lastKnownFileType = wrapper.framework; name = Foundation.framework; path = Platforms/iPhoneOS.platform/Developer/SDKs/iPhoneOS26.0.sdk/System/Library/Frameworks/Foundation.framework; sourceTree = DEVELOPER_DIR; };
		DD5E4C092E0B11F0AA010001 /* HealthKitPlugin.swift */ = {isa = PBXFileReference; lastKnownFileType = sourcecode.swift; path = HealthKitPlugin.swift; sourceTree = "<group>"; };
		DD5E4C0B2E0B11F0AA010002 /* App.entitlements */ = {isa = PBXFileReference; lastKnownFileType = text.plist.entitlements; path = App.entitlements; sourceTree = "<group>"; };
		DD5E4C0D2E0B11F0AA010004 /* MyViewController.swift */ = {isa = PBXFileReference; lastKnownFileType = sourcecode.swift; path = MyViewController.swift; sourceTree = "<group>"; };
		DD5E4C0F2E0B11F0AA010005 /* PrivacyInfo.xcprivacy */ = {isa = PBXFileReference; lastKnownFileType = text.plist.xml; path = PrivacyInfo.xcprivacy; sourceTree = "<group>"; };
		DEADFA000000000000000002 /* DeadSetWatch.app */ = {isa = PBXFileReference; explicitFileType = wrapper.application; includeInIndex = 0; path = DeadSetWatch.app; sourceTree = BUILT_PRODUCTS_DIR; };
		DEADFA00000000000000000F /* DeadSetWatchApp.swift */ = {isa = PBXFileReference; lastKnownFileType = sourcecode.swift; path = DeadSetWatchApp.swift; sourceTree = "<group>"; };
		DEADFA000000000000000010 /* WatchConnector.swift */ = {isa = PBXFileReference; lastKnownFileType = sourcecode.swift; path = WatchConnector.swift; sourceTree = "<group>"; };
		DEADFA000000000000000011 /* WatchHaptics.swift */ = {isa = PBXFileReference; lastKnownFileType = sourcecode.swift; path = WatchHaptics.swift; sourceTree = "<group>"; };
		DEADFA000000000000000012 /* WorkoutKeepAlive.swift */ = {isa = PBXFileReference; lastKnownFileType = sourcecode.swift; path = WorkoutKeepAlive.swift; sourceTree = "<group>"; };
		DEADFA000000000000000013 /* SessionView.swift */ = {isa = PBXFileReference; lastKnownFileType = sourcecode.swift; path = SessionView.swift; sourceTree = "<group>"; };
		DEADFA000000000000000014 /* ExerciseView.swift */ = {isa = PBXFileReference; lastKnownFileType = sourcecode.swift; path = ExerciseView.swift; sourceTree = "<group>"; };
		DEADFA000000000000000015 /* TimedExerciseView.swift */ = {isa = PBXFileReference; lastKnownFileType = sourcecode.swift; path = TimedExerciseView.swift; sourceTree = "<group>"; };
		DEADFA000000000000000016 /* RestTimerView.swift */ = {isa = PBXFileReference; lastKnownFileType = sourcecode.swift; path = RestTimerView.swift; sourceTree = "<group>"; };
		DEADFA000000000000000017 /* WatchConnectivityHub.swift */ = {isa = PBXFileReference; lastKnownFileType = sourcecode.swift; path = WatchConnectivityHub.swift; sourceTree = "<group>"; };
		DEADFA000000000000000018 /* WatchBridgePlugin.swift */ = {isa = PBXFileReference; lastKnownFileType = sourcecode.swift; path = WatchBridgePlugin.swift; sourceTree = "<group>"; };
		DEADFA00000000000000002A /* HapticsPlugin.swift */ = {isa = PBXFileReference; lastKnownFileType = sourcecode.swift; path = HapticsPlugin.swift; sourceTree = "<group>"; };
		DEADFA000000000000000019 /* WatchProtocol.swift */ = {isa = PBXFileReference; lastKnownFileType = sourcecode.swift; path = WatchProtocol.swift; sourceTree = "<group>"; };
		DEADFA00000000000000001A /* Info.plist */ = {isa = PBXFileReference; lastKnownFileType = text.plist.xml; path = Info.plist; sourceTree = "<group>"; };
		DEADFA00000000000000001B /* DeadSetWatch.entitlements */ = {isa = PBXFileReference; lastKnownFileType = text.plist.entitlements; path = DeadSetWatch.entitlements; sourceTree = "<group>"; };
		DEADFA00000000000000001C /* Assets.xcassets */ = {isa = PBXFileReference; lastKnownFileType = folder.assetcatalog; path = Assets.xcassets; sourceTree = "<group>"; };
		DEADFA000000000000000041 /* WidgetSnapshot.swift */ = {isa = PBXFileReference; lastKnownFileType = sourcecode.swift; path = WidgetSnapshot.swift; sourceTree = "<group>"; };
		DEADFA000000000000000044 /* WorkoutActivityAttributes.swift */ = {isa = PBXFileReference; lastKnownFileType = sourcecode.swift; path = WorkoutActivityAttributes.swift; sourceTree = "<group>"; };
		DEADFA000000000000000047 /* WidgetBridgePlugin.swift */ = {isa = PBXFileReference; lastKnownFileType = sourcecode.swift; path = WidgetBridgePlugin.swift; sourceTree = "<group>"; };
		DEADFA000000000000000049 /* WorkoutActivityPlugin.swift */ = {isa = PBXFileReference; lastKnownFileType = sourcecode.swift; path = WorkoutActivityPlugin.swift; sourceTree = "<group>"; };
		DEADFA00000000000000004B /* DeadSetWidgets.swift */ = {isa = PBXFileReference; lastKnownFileType = sourcecode.swift; path = DeadSetWidgets.swift; sourceTree = "<group>"; };
		DEADFA00000000000000004D /* WorkoutLiveActivity.swift */ = {isa = PBXFileReference; lastKnownFileType = sourcecode.swift; path = WorkoutLiveActivity.swift; sourceTree = "<group>"; };
		DEADFA00000000000000004F /* DeadSetRestActivity.entitlements */ = {isa = PBXFileReference; lastKnownFileType = text.plist.entitlements; path = DeadSetRestActivity.entitlements; sourceTree = "<group>"; };
/* End PBXFileReference section */

/* Begin PBXFrameworksBuildPhase section */
		201BB954EF3BB1F783456704 /* Frameworks */ = {
			isa = PBXFrameworksBuildPhase;
			buildActionMask = 2147483647;
			files = (
				E40CC4A5E6A990F00D69F904 /* Foundation.framework in Frameworks */,
			);
			runOnlyForDeploymentPostprocessing = 0;
		};
		504EC3011FED79650016851F /* Frameworks */ = {
			isa = PBXFrameworksBuildPhase;
			buildActionMask = 2147483647;
			files = (
				4D22ABE92AF431CB00220026 /* CapApp-SPM in Frameworks */,
			);
			runOnlyForDeploymentPostprocessing = 0;
		};
		DEADFA000000000000000007 /* Frameworks */ = {
			isa = PBXFrameworksBuildPhase;
			buildActionMask = 2147483647;
			files = (
			);
			runOnlyForDeploymentPostprocessing = 0;
		};
/* End PBXFrameworksBuildPhase section */

/* Begin PBXGroup section */
		0749AABCE726782496924A82 /* iOS */ = {
			isa = PBXGroup;
			children = (
				C57BC35B9CF5AEFC028BB38F /* Foundation.framework */,
			);
			name = iOS;
			sourceTree = "<group>";
		};
		20C5C3F652F5EB9BE26929A1 /* Frameworks */ = {
			isa = PBXGroup;
			children = (
				0749AABCE726782496924A82 /* iOS */,
			);
			name = Frameworks;
			sourceTree = "<group>";
		};
		504EC2FB1FED79650016851F = {
			isa = PBXGroup;
			children = (
				AE7ACD7A2FDCAD8500714068 /* New Group */,
				958DCC722DB07C7200EA8C5F /* debug.xcconfig */,
				504EC3061FED79650016851F /* App */,
				504EC3051FED79650016851F /* Products */,
				20C5C3F652F5EB9BE26929A1 /* Frameworks */,
				FA178EE0662B3E2CF1AFBE13 /* DeadSetRestActivity */,
				DEADFA000000000000000003 /* DeadSetWatch */,
				DEADFA000000000000000004 /* Shared */,
			);
			sourceTree = "<group>";
		};
		504EC3051FED79650016851F /* Products */ = {
			isa = PBXGroup;
			children = (
				504EC3041FED79650016851F /* DeadSet.app */,
				6355C7A498F942A0B16A5857 /* DeadSetRestActivity.appex */,
				DEADFA000000000000000002 /* DeadSetWatch.app */,
			);
			name = Products;
			sourceTree = "<group>";
		};
		504EC3061FED79650016851F /* App */ = {
			isa = PBXGroup;
			children = (
				DEADFA000000000000000047 /* WidgetBridgePlugin.swift */,
				DEADFA000000000000000049 /* WorkoutActivityPlugin.swift */,
				50379B222058CBB4000EE86E /* capacitor.config.json */,
				504EC3071FED79650016851F /* AppDelegate.swift */,
				DD5E4C092E0B11F0AA010001 /* HealthKitPlugin.swift */,
				DD5E4C0D2E0B11F0AA010004 /* MyViewController.swift */,
				DD5E4C0B2E0B11F0AA010002 /* App.entitlements */,
				504EC30B1FED79650016851F /* Main.storyboard */,
				504EC30E1FED79650016851F /* Assets.xcassets */,
				504EC3101FED79650016851F /* LaunchScreen.storyboard */,
				504EC3131FED79650016851F /* Info.plist */,
				DD5E4C0F2E0B11F0AA010005 /* PrivacyInfo.xcprivacy */,
				2FAD9762203C412B000D30F8 /* config.xml */,
				50B271D01FEDC1A000F3C39B /* public */,
				09D0504D4790907242FD0024 /* RestActivityPlugin.swift */,
				A11E4C092E0B11F0AA010100 /* StoreKitPlugin.swift */,
				DEADFA000000000000000017 /* WatchConnectivityHub.swift */,
				DEADFA000000000000000018 /* WatchBridgePlugin.swift */,
				DEADFA00000000000000002A /* HapticsPlugin.swift */,
				B77A4C092E0B11F0AA010100 /* AppReviewPlugin.swift */,
			);
			path = App;
			sourceTree = "<group>";
		};
		AE7ACD7A2FDCAD8500714068 /* New Group */ = {
			isa = PBXGroup;
			children = (
			);
			path = "New Group";
			sourceTree = "<group>";
		};
		FA178EE0662B3E2CF1AFBE13 /* DeadSetRestActivity */ = {
			isa = PBXGroup;
			children = (
				DEADFA00000000000000004B /* DeadSetWidgets.swift */,
				DEADFA00000000000000004D /* WorkoutLiveActivity.swift */,
				DEADFA00000000000000004F /* DeadSetRestActivity.entitlements */,
				9774CA8A1B7939BB8417C6C0 /* RestActivityAttributes.swift */,
				B7676950F92E00726A64E17C /* RestLiveActivity.swift */,
				90732EDC0FD9422339C4BA5E /* Assets.xcassets */,
				B676AB46D999796FC627C65B /* Info.plist */,
			);
			name = DeadSetRestActivity;
			path = DeadSetRestActivity;
			sourceTree = "<group>";
		};
		DEADFA000000000000000003 /* DeadSetWatch */ = {
			isa = PBXGroup;
			children = (
				DEADFA00000000000000000F /* DeadSetWatchApp.swift */,
				DEADFA000000000000000010 /* WatchConnector.swift */,
				DEADFA000000000000000011 /* WatchHaptics.swift */,
				DEADFA000000000000000012 /* WorkoutKeepAlive.swift */,
				DEADFA000000000000000013 /* SessionView.swift */,
				DEADFA000000000000000014 /* ExerciseView.swift */,
				DEADFA000000000000000015 /* TimedExerciseView.swift */,
				DEADFA000000000000000016 /* RestTimerView.swift */,
				DEADFA00000000000000001C /* Assets.xcassets */,
				DEADFA00000000000000001A /* Info.plist */,
				DEADFA00000000000000001B /* DeadSetWatch.entitlements */,
			);
			path = DeadSetWatch;
			sourceTree = "<group>";
		};
		DEADFA000000000000000004 /* Shared */ = {
			isa = PBXGroup;
			children = (
				DEADFA000000000000000041 /* WidgetSnapshot.swift */,
				DEADFA000000000000000044 /* WorkoutActivityAttributes.swift */,
				DEADFA000000000000000019 /* WatchProtocol.swift */,
			);
			path = Shared;
			sourceTree = "<group>";
		};
/* End PBXGroup section */

/* Begin PBXNativeTarget section */
		504EC3031FED79650016851F /* DeadSet */ = {
			isa = PBXNativeTarget;
			buildConfigurationList = 504EC3161FED79650016851F /* Build configuration list for PBXNativeTarget "DeadSet" */;
			buildPhases = (
				504EC3001FED79650016851F /* Sources */,
				504EC3011FED79650016851F /* Frameworks */,
				504EC3021FED79650016851F /* Resources */,
				CAD969FF87D84F3FCF248AC5 /* Embed Foundation Extensions */,
				DEADFA00000000000000000B /* Embed Watch Content */,
			);
			buildRules = (
			);
			dependencies = (
				2119C2B06A865ACEE7130858 /* PBXTargetDependency */,
				DEADFA00000000000000000D /* PBXTargetDependency */,
			);
			name = DeadSet;
			packageProductDependencies = (
				4D22ABE82AF431CB00220026 /* CapApp-SPM */,
			);
			productName = App;
			productReference = 504EC3041FED79650016851F /* DeadSet.app */;
			productType = "com.apple.product-type.application";
		};
		8E0CAE2B398FD0B9471F0FF4 /* DeadSetRestActivity */ = {
			isa = PBXNativeTarget;
			buildConfigurationList = F2160CEA1107A5763A29DBFA /* Build configuration list for PBXNativeTarget "DeadSetRestActivity" */;
			buildPhases = (
				DE40BECACA84EA38C4421FE6 /* Sources */,
				201BB954EF3BB1F783456704 /* Frameworks */,
				110D48B3A0CF27FAA4D54733 /* Resources */,
			);
			buildRules = (
			);
			dependencies = (
			);
			name = DeadSetRestActivity;
			productName = DeadSetRestActivity;
			productReference = 6355C7A498F942A0B16A5857 /* DeadSetRestActivity.appex */;
			productType = "com.apple.product-type.app-extension";
		};
		DEADFA000000000000000001 /* DeadSetWatch */ = {
			isa = PBXNativeTarget;
			buildConfigurationList = DEADFA000000000000000008 /* Build configuration list for PBXNativeTarget "DeadSetWatch" */;
			buildPhases = (
				DEADFA000000000000000005 /* Sources */,
				DEADFA000000000000000007 /* Frameworks */,
				DEADFA000000000000000006 /* Resources */,
			);
			buildRules = (
			);
			dependencies = (
			);
			name = DeadSetWatch;
			productName = DeadSetWatch;
			productReference = DEADFA000000000000000002 /* DeadSetWatch.app */;
			productType = "com.apple.product-type.application";
		};
/* End PBXNativeTarget section */

/* Begin PBXProject section */
		504EC2FC1FED79650016851F /* Project object */ = {
			isa = PBXProject;
			attributes = {
				BuildIndependentTargetsInParallel = YES;
				LastSwiftUpdateCheck = 0920;
				LastUpgradeCheck = 2650;
				TargetAttributes = {
					504EC3031FED79650016851F = {
						CreatedOnToolsVersion = 9.2;
						LastSwiftMigration = 1100;
						ProvisioningStyle = Automatic;
					};
				};
			};
			buildConfigurationList = 504EC2FF1FED79650016851F /* Build configuration list for PBXProject "DeadSet" */;
			compatibilityVersion = "Xcode 8.0";
			developmentRegion = en;
			hasScannedForEncodings = 0;
			knownRegions = (
				en,
				Base,
			);
			mainGroup = 504EC2FB1FED79650016851F;
			packageReferences = (
				D4C12C0A2AAA248700AAC8A2 /* XCLocalSwiftPackageReference "CapApp-SPM" */,
			);
			productRefGroup = 504EC3051FED79650016851F /* Products */;
			projectDirPath = "";
			projectRoot = "";
			targets = (
				504EC3031FED79650016851F /* DeadSet */,
				8E0CAE2B398FD0B9471F0FF4 /* DeadSetRestActivity */,
				DEADFA000000000000000001 /* DeadSetWatch */,
			);
		};
/* End PBXProject section */

/* Begin PBXResourcesBuildPhase section */
		110D48B3A0CF27FAA4D54733 /* Resources */ = {
			isa = PBXResourcesBuildPhase;
			buildActionMask = 2147483647;
			files = (
				341E5676EB8D09FFD5859E8F /* Assets.xcassets in Resources */,
			);
			runOnlyForDeploymentPostprocessing = 0;
		};
		504EC3021FED79650016851F /* Resources */ = {
			isa = PBXResourcesBuildPhase;
			buildActionMask = 2147483647;
			files = (
				504EC3121FED79650016851F /* LaunchScreen.storyboard in Resources */,
				50B271D11FEDC1A000F3C39B /* public in Resources */,
				504EC30F1FED79650016851F /* Assets.xcassets in Resources */,
				DD5E4C112E0B11F0AA010006 /* PrivacyInfo.xcprivacy in Resources */,
				50379B232058CBB4000EE86E /* capacitor.config.json in Resources */,
				504EC30D1FED79650016851F /* Main.storyboard in Resources */,
				2FAD9763203C412B000D30F8 /* config.xml in Resources */,
			);
			runOnlyForDeploymentPostprocessing = 0;
		};
		DEADFA000000000000000006 /* Resources */ = {
			isa = PBXResourcesBuildPhase;
			buildActionMask = 2147483647;
			files = (
				DEADFA000000000000000026 /* Assets.xcassets in Resources */,
			);
			runOnlyForDeploymentPostprocessing = 0;
		};
/* End PBXResourcesBuildPhase section */

/* Begin PBXSourcesBuildPhase section */
		504EC3001FED79650016851F /* Sources */ = {
			isa = PBXSourcesBuildPhase;
			buildActionMask = 2147483647;
			files = (
				DEADFA000000000000000042 /* WidgetSnapshot.swift in Sources */,
				DEADFA000000000000000045 /* WorkoutActivityAttributes.swift in Sources */,
				DEADFA000000000000000048 /* WidgetBridgePlugin.swift in Sources */,
				DEADFA00000000000000004A /* WorkoutActivityPlugin.swift in Sources */,
				504EC3081FED79650016851F /* AppDelegate.swift in Sources */,
				DD5E4C0A2E0B11F0AA010001 /* HealthKitPlugin.swift in Sources */,
				DD5E4C0C2E0B11F0AA010003 /* MyViewController.swift in Sources */,
				808D7B97039BA0A8513C1A7F /* RestActivityAttributes.swift in Sources */,
				00B4D17EC3B2C37AFDCB3718 /* RestActivityPlugin.swift in Sources */,
				A11E4C0A2E0B11F0AA010101 /* StoreKitPlugin.swift in Sources */,
				DEADFA000000000000000027 /* WatchConnectivityHub.swift in Sources */,
				DEADFA000000000000000028 /* WatchBridgePlugin.swift in Sources */,
				DEADFA00000000000000002B /* HapticsPlugin.swift in Sources */,
				DEADFA000000000000000029 /* WatchProtocol.swift in Sources */,
				B77A4C0A2E0B11F0AA010101 /* AppReviewPlugin.swift in Sources */,
			);
			runOnlyForDeploymentPostprocessing = 0;
		};
		DE40BECACA84EA38C4421FE6 /* Sources */ = {
			isa = PBXSourcesBuildPhase;
			buildActionMask = 2147483647;
			files = (
				DEADFA000000000000000043 /* WidgetSnapshot.swift in Sources */,
				DEADFA000000000000000046 /* WorkoutActivityAttributes.swift in Sources */,
				DEADFA00000000000000004C /* DeadSetWidgets.swift in Sources */,
				DEADFA00000000000000004E /* WorkoutLiveActivity.swift in Sources */,
				316C2D96387D8DBFE8B2CADA /* RestActivityAttributes.swift in Sources */,
				EEB7161F538A742A62782921 /* RestLiveActivity.swift in Sources */,
			);
			runOnlyForDeploymentPostprocessing = 0;
		};
		DEADFA000000000000000005 /* Sources */ = {
			isa = PBXSourcesBuildPhase;
			buildActionMask = 2147483647;
			files = (
				DEADFA00000000000000001D /* DeadSetWatchApp.swift in Sources */,
				DEADFA00000000000000001E /* WatchConnector.swift in Sources */,
				DEADFA00000000000000001F /* WatchHaptics.swift in Sources */,
				DEADFA000000000000000020 /* WorkoutKeepAlive.swift in Sources */,
				DEADFA000000000000000021 /* SessionView.swift in Sources */,
				DEADFA000000000000000022 /* ExerciseView.swift in Sources */,
				DEADFA000000000000000023 /* TimedExerciseView.swift in Sources */,
				DEADFA000000000000000024 /* RestTimerView.swift in Sources */,
				DEADFA000000000000000025 /* WatchProtocol.swift in Sources */,
			);
			runOnlyForDeploymentPostprocessing = 0;
		};
/* End PBXSourcesBuildPhase section */

/* Begin PBXTargetDependency section */
		2119C2B06A865ACEE7130858 /* PBXTargetDependency */ = {
			isa = PBXTargetDependency;
			name = DeadSetRestActivity;
			target = 8E0CAE2B398FD0B9471F0FF4 /* DeadSetRestActivity */;
			targetProxy = 0AA63689DE854F5F780703BF /* PBXContainerItemProxy */;
		};
		DEADFA00000000000000000D /* PBXTargetDependency */ = {
			isa = PBXTargetDependency;
			name = DeadSetWatch;
			target = DEADFA000000000000000001 /* DeadSetWatch */;
			targetProxy = DEADFA00000000000000000E /* PBXContainerItemProxy */;
		};
/* End PBXTargetDependency section */

/* Begin PBXVariantGroup section */
		504EC30B1FED79650016851F /* Main.storyboard */ = {
			isa = PBXVariantGroup;
			children = (
				504EC30C1FED79650016851F /* Base */,
			);
			name = Main.storyboard;
			sourceTree = "<group>";
		};
		504EC3101FED79650016851F /* LaunchScreen.storyboard */ = {
			isa = PBXVariantGroup;
			children = (
				504EC3111FED79650016851F /* Base */,
			);
			name = LaunchScreen.storyboard;
			sourceTree = "<group>";
		};
/* End PBXVariantGroup section */

/* Begin XCBuildConfiguration section */
		504EC3141FED79650016851F /* Debug */ = {
			isa = XCBuildConfiguration;
			baseConfigurationReference = 958DCC722DB07C7200EA8C5F /* debug.xcconfig */;
			buildSettings = {
				ALWAYS_SEARCH_USER_PATHS = NO;
				CLANG_ANALYZER_NONNULL = YES;
				CLANG_ANALYZER_NUMBER_OBJECT_CONVERSION = YES_AGGRESSIVE;
				CLANG_CXX_LANGUAGE_STANDARD = "gnu++14";
				CLANG_CXX_LIBRARY = "libc++";
				CLANG_ENABLE_MODULES = YES;
				CLANG_ENABLE_OBJC_ARC = YES;
				CLANG_WARN_BLOCK_CAPTURE_AUTORELEASING = YES;
				CLANG_WARN_BOOL_CONVERSION = YES;
				CLANG_WARN_COMMA = YES;
				CLANG_WARN_CONSTANT_CONVERSION = YES;
				CLANG_WARN_DEPRECATED_OBJC_IMPLEMENTATIONS = YES;
				CLANG_WARN_DIRECT_OBJC_ISA_USAGE = YES_ERROR;
				CLANG_WARN_DOCUMENTATION_COMMENTS = YES;
				CLANG_WARN_EMPTY_BODY = YES;
				CLANG_WARN_ENUM_CONVERSION = YES;
				CLANG_WARN_INFINITE_RECURSION = YES;
				CLANG_WARN_INT_CONVERSION = YES;
				CLANG_WARN_NON_LITERAL_NULL_CONVERSION = YES;
				CLANG_WARN_OBJC_IMPLICIT_RETAIN_SELF = YES;
				CLANG_WARN_OBJC_LITERAL_CONVERSION = YES;
				CLANG_WARN_OBJC_ROOT_CLASS = YES_ERROR;
				CLANG_WARN_QUOTED_INCLUDE_IN_FRAMEWORK_HEADER = YES;
				CLANG_WARN_RANGE_LOOP_ANALYSIS = YES;
				CLANG_WARN_STRICT_PROTOTYPES = YES;
				CLANG_WARN_SUSPICIOUS_MOVE = YES;
				CLANG_WARN_UNGUARDED_AVAILABILITY = YES_AGGRESSIVE;
				CLANG_WARN_UNREACHABLE_CODE = YES;
				CLANG_WARN__DUPLICATE_METHOD_MATCH = YES;
				CODE_SIGN_IDENTITY = "iPhone Developer";
				COPY_PHASE_STRIP = NO;
				DEBUG_INFORMATION_FORMAT = dwarf;
				DEVELOPMENT_TEAM = 89JWMU95AH;
				ENABLE_STRICT_OBJC_MSGSEND = YES;
				ENABLE_TESTABILITY = YES;
				ENABLE_USER_SCRIPT_SANDBOXING = YES;
				GCC_C_LANGUAGE_STANDARD = gnu11;
				GCC_DYNAMIC_NO_PIC = NO;
				GCC_NO_COMMON_BLOCKS = YES;
				GCC_OPTIMIZATION_LEVEL = 0;
				GCC_PREPROCESSOR_DEFINITIONS = (
					"DEBUG=1",
					"$(inherited)",
				);
				GCC_WARN_64_TO_32_BIT_CONVERSION = YES;
				GCC_WARN_ABOUT_RETURN_TYPE = YES_ERROR;
				GCC_WARN_UNDECLARED_SELECTOR = YES;
				GCC_WARN_UNINITIALIZED_AUTOS = YES_AGGRESSIVE;
				GCC_WARN_UNUSED_FUNCTION = YES;
				GCC_WARN_UNUSED_VARIABLE = YES;
				IPHONEOS_DEPLOYMENT_TARGET = 15.0;
				MTL_ENABLE_DEBUG_INFO = YES;
				ONLY_ACTIVE_ARCH = YES;
				SDKROOT = iphoneos;
				STRING_CATALOG_GENERATE_SYMBOLS = YES;
				SWIFT_ACTIVE_COMPILATION_CONDITIONS = DEBUG;
				SWIFT_OPTIMIZATION_LEVEL = "-Onone";
			};
			name = Debug;
		};
		504EC3151FED79650016851F /* Release */ = {
			isa = XCBuildConfiguration;
			buildSettings = {
				ALWAYS_SEARCH_USER_PATHS = NO;
				CLANG_ANALYZER_NONNULL = YES;
				CLANG_ANALYZER_NUMBER_OBJECT_CONVERSION = YES_AGGRESSIVE;
				CLANG_CXX_LANGUAGE_STANDARD = "gnu++14";
				CLANG_CXX_LIBRARY = "libc++";
				CLANG_ENABLE_MODULES = YES;
				CLANG_ENABLE_OBJC_ARC = YES;
				CLANG_WARN_BLOCK_CAPTURE_AUTORELEASING = YES;
				CLANG_WARN_BOOL_CONVERSION = YES;
				CLANG_WARN_COMMA = YES;
				CLANG_WARN_CONSTANT_CONVERSION = YES;
				CLANG_WARN_DEPRECATED_OBJC_IMPLEMENTATIONS = YES;
				CLANG_WARN_DIRECT_OBJC_ISA_USAGE = YES_ERROR;
				CLANG_WARN_DOCUMENTATION_COMMENTS = YES;
				CLANG_WARN_EMPTY_BODY = YES;
				CLANG_WARN_ENUM_CONVERSION = YES;
				CLANG_WARN_INFINITE_RECURSION = YES;
				CLANG_WARN_INT_CONVERSION = YES;
				CLANG_WARN_NON_LITERAL_NULL_CONVERSION = YES;
				CLANG_WARN_OBJC_IMPLICIT_RETAIN_SELF = YES;
				CLANG_WARN_OBJC_LITERAL_CONVERSION = YES;
				CLANG_WARN_OBJC_ROOT_CLASS = YES_ERROR;
				CLANG_WARN_QUOTED_INCLUDE_IN_FRAMEWORK_HEADER = YES;
				CLANG_WARN_RANGE_LOOP_ANALYSIS = YES;
				CLANG_WARN_STRICT_PROTOTYPES = YES;
				CLANG_WARN_SUSPICIOUS_MOVE = YES;
				CLANG_WARN_UNGUARDED_AVAILABILITY = YES_AGGRESSIVE;
				CLANG_WARN_UNREACHABLE_CODE = YES;
				CLANG_WARN__DUPLICATE_METHOD_MATCH = YES;
				CODE_SIGN_IDENTITY = "iPhone Developer";
				COPY_PHASE_STRIP = NO;
				DEBUG_INFORMATION_FORMAT = "dwarf-with-dsym";
				DEVELOPMENT_TEAM = 89JWMU95AH;
				ENABLE_NS_ASSERTIONS = NO;
				ENABLE_STRICT_OBJC_MSGSEND = YES;
				ENABLE_USER_SCRIPT_SANDBOXING = YES;
				GCC_C_LANGUAGE_STANDARD = gnu11;
				GCC_NO_COMMON_BLOCKS = YES;
				GCC_WARN_64_TO_32_BIT_CONVERSION = YES;
				GCC_WARN_ABOUT_RETURN_TYPE = YES_ERROR;
				GCC_WARN_UNDECLARED_SELECTOR = YES;
				GCC_WARN_UNINITIALIZED_AUTOS = YES_AGGRESSIVE;
				GCC_WARN_UNUSED_FUNCTION = YES;
				GCC_WARN_UNUSED_VARIABLE = YES;
				IPHONEOS_DEPLOYMENT_TARGET = 15.0;
				MTL_ENABLE_DEBUG_INFO = NO;
				SDKROOT = iphoneos;
				STRING_CATALOG_GENERATE_SYMBOLS = YES;
				SWIFT_COMPILATION_MODE = wholemodule;
				SWIFT_OPTIMIZATION_LEVEL = "-O";
				VALIDATE_PRODUCT = YES;
			};
			name = Release;
		};
		504EC3171FED79650016851F /* Debug */ = {
			isa = XCBuildConfiguration;
			baseConfigurationReference = 958DCC722DB07C7200EA8C5F /* debug.xcconfig */;
			buildSettings = {
				ASSETCATALOG_COMPILER_APPICON_NAME = AppIcon;
				CODE_SIGN_ENTITLEMENTS = App/App.entitlements;
				CODE_SIGN_STYLE = Automatic;
				CURRENT_PROJECT_VERSION = 138;
				DEVELOPMENT_TEAM = 89JWMU95AH;
				INFOPLIST_FILE = App/Info.plist;
				INFOPLIST_KEY_LSApplicationCategoryType = "public.app-category.healthcare-fitness";
				IPHONEOS_DEPLOYMENT_TARGET = 15.0;
				LD_RUNPATH_SEARCH_PATHS = (
					"$(inherited)",
					"@executable_path/Frameworks",
				);
				MARKETING_VERSION = 1.2;
				OTHER_SWIFT_FLAGS = "$(inherited) \"-D\" \"COCOAPODS\" \"-DDEBUG\"";
				PRODUCT_BUNDLE_IDENTIFIER = org.deadsetfit.app;
				PRODUCT_NAME = "$(TARGET_NAME)";
				SWIFT_ACTIVE_COMPILATION_CONDITIONS = DEBUG;
				SWIFT_VERSION = 5.0;
				TARGETED_DEVICE_FAMILY = 1;
			};
			name = Debug;
		};
		504EC3181FED79650016851F /* Release */ = {
			isa = XCBuildConfiguration;
			buildSettings = {
				ASSETCATALOG_COMPILER_APPICON_NAME = AppIcon;
				CODE_SIGN_ENTITLEMENTS = App/App.entitlements;
				CODE_SIGN_STYLE = Automatic;
				CURRENT_PROJECT_VERSION = 138;
				DEVELOPMENT_TEAM = 89JWMU95AH;
				INFOPLIST_FILE = App/Info.plist;
				INFOPLIST_KEY_LSApplicationCategoryType = "public.app-category.healthcare-fitness";
				IPHONEOS_DEPLOYMENT_TARGET = 15.0;
				LD_RUNPATH_SEARCH_PATHS = (
					"$(inherited)",
					"@executable_path/Frameworks",
				);
				MARKETING_VERSION = 1.2;
				PRODUCT_BUNDLE_IDENTIFIER = org.deadsetfit.app;
				PRODUCT_NAME = "$(TARGET_NAME)";
				SWIFT_ACTIVE_COMPILATION_CONDITIONS = "";
				SWIFT_VERSION = 5.0;
				TARGETED_DEVICE_FAMILY = 1;
			};
			name = Release;
		};
		A76D42C165E82C40567F3461 /* Release */ = {
			isa = XCBuildConfiguration;
			buildSettings = {
				ASSETCATALOG_COMPILER_GLOBAL_ACCENT_COLOR_NAME = "";
				CLANG_ENABLE_OBJC_WEAK = NO;
				CODE_SIGN_STYLE = Automatic;
				CURRENT_PROJECT_VERSION = 138;
				DEVELOPMENT_TEAM = 89JWMU95AH;
				GENERATE_INFOPLIST_FILE = YES;
				INFOPLIST_FILE = DeadSetRestActivity/Info.plist;
				INFOPLIST_KEY_CFBundleDisplayName = "Rest Timer";
				INFOPLIST_KEY_NSHumanReadableCopyright = "";
				IPHONEOS_DEPLOYMENT_TARGET = 16.2;
				CODE_SIGN_ENTITLEMENTS = DeadSetRestActivity/DeadSetRestActivity.entitlements;
				MARKETING_VERSION = 1.2;
				PRODUCT_BUNDLE_IDENTIFIER = org.deadsetfit.app.RestActivity;
				PRODUCT_NAME = "$(TARGET_NAME)";
				SDKROOT = iphoneos;
				SKIP_INSTALL = YES;
				SWIFT_EMIT_LOC_STRINGS = YES;
				SWIFT_VERSION = 5.0;
				TARGETED_DEVICE_FAMILY = 1;
				VALIDATE_PRODUCT = YES;
			};
			name = Release;
		};
		ADACD0E20326994F3FC86278 /* Debug */ = {
			isa = XCBuildConfiguration;
			buildSettings = {
				ASSETCATALOG_COMPILER_GLOBAL_ACCENT_COLOR_NAME = "";
				CLANG_ENABLE_OBJC_WEAK = NO;
				CODE_SIGN_STYLE = Automatic;
				CURRENT_PROJECT_VERSION = 138;
				DEVELOPMENT_TEAM = 89JWMU95AH;
				GENERATE_INFOPLIST_FILE = YES;
				INFOPLIST_FILE = DeadSetRestActivity/Info.plist;
				INFOPLIST_KEY_CFBundleDisplayName = "Rest Timer";
				INFOPLIST_KEY_NSHumanReadableCopyright = "";
				IPHONEOS_DEPLOYMENT_TARGET = 16.2;
				CODE_SIGN_ENTITLEMENTS = DeadSetRestActivity/DeadSetRestActivity.entitlements;
				MARKETING_VERSION = 1.2;
				PRODUCT_BUNDLE_IDENTIFIER = org.deadsetfit.app.RestActivity;
				PRODUCT_NAME = "$(TARGET_NAME)";
				SDKROOT = iphoneos;
				SKIP_INSTALL = YES;
				SWIFT_EMIT_LOC_STRINGS = YES;
				SWIFT_VERSION = 5.0;
				TARGETED_DEVICE_FAMILY = 1;
			};
			name = Debug;
		};
		DEADFA000000000000000009 /* Debug */ = {
			isa = XCBuildConfiguration;
			buildSettings = {
				ALWAYS_SEARCH_USER_PATHS = NO;
				ASSETCATALOG_COMPILER_APPICON_NAME = AppIcon;
				ASSETCATALOG_COMPILER_GLOBAL_ACCENT_COLOR_NAME = AccentColor;
				CLANG_ENABLE_MODULES = YES;
				CLANG_ENABLE_OBJC_ARC = YES;
				CODE_SIGN_ENTITLEMENTS = DeadSetWatch/DeadSetWatch.entitlements;
				CODE_SIGN_STYLE = Automatic;
				CURRENT_PROJECT_VERSION = 138;
				DEVELOPMENT_TEAM = 89JWMU95AH;
				ENABLE_PREVIEWS = YES;
				GENERATE_INFOPLIST_FILE = NO;
				INFOPLIST_FILE = DeadSetWatch/Info.plist;
				LD_RUNPATH_SEARCH_PATHS = (
					"$(inherited)",
					"@executable_path/Frameworks",
				);
				MARKETING_VERSION = 1.2;
				PRODUCT_BUNDLE_IDENTIFIER = org.deadsetfit.app.watchkitapp;
				PRODUCT_NAME = "$(TARGET_NAME)";
				SDKROOT = watchos;
				SKIP_INSTALL = YES;
				SUPPORTED_PLATFORMS = "watchsimulator watchos";
				SWIFT_EMIT_LOC_STRINGS = YES;
				SWIFT_VERSION = 5.0;
				TARGETED_DEVICE_FAMILY = 4;
				WATCHOS_DEPLOYMENT_TARGET = 9.0;
				SWIFT_ACTIVE_COMPILATION_CONDITIONS = DEBUG;
				SWIFT_OPTIMIZATION_LEVEL = "-Onone";
			};
			name = Debug;
		};
		DEADFA00000000000000000A /* Release */ = {
			isa = XCBuildConfiguration;
			buildSettings = {
				ALWAYS_SEARCH_USER_PATHS = NO;
				ASSETCATALOG_COMPILER_APPICON_NAME = AppIcon;
				ASSETCATALOG_COMPILER_GLOBAL_ACCENT_COLOR_NAME = AccentColor;
				CLANG_ENABLE_MODULES = YES;
				CLANG_ENABLE_OBJC_ARC = YES;
				CODE_SIGN_ENTITLEMENTS = DeadSetWatch/DeadSetWatch.entitlements;
				CODE_SIGN_STYLE = Automatic;
				CURRENT_PROJECT_VERSION = 138;
				DEVELOPMENT_TEAM = 89JWMU95AH;
				ENABLE_PREVIEWS = YES;
				GENERATE_INFOPLIST_FILE = NO;
				INFOPLIST_FILE = DeadSetWatch/Info.plist;
				LD_RUNPATH_SEARCH_PATHS = (
					"$(inherited)",
					"@executable_path/Frameworks",
				);
				MARKETING_VERSION = 1.2;
				PRODUCT_BUNDLE_IDENTIFIER = org.deadsetfit.app.watchkitapp;
				PRODUCT_NAME = "$(TARGET_NAME)";
				SDKROOT = watchos;
				SKIP_INSTALL = YES;
				SUPPORTED_PLATFORMS = "watchsimulator watchos";
				SWIFT_EMIT_LOC_STRINGS = YES;
				SWIFT_VERSION = 5.0;
				TARGETED_DEVICE_FAMILY = 4;
				WATCHOS_DEPLOYMENT_TARGET = 9.0;
				SWIFT_OPTIMIZATION_LEVEL = "-O";
			};
			name = Release;
		};
/* End XCBuildConfiguration section */

/* Begin XCConfigurationList section */
		504EC2FF1FED79650016851F /* Build configuration list for PBXProject "DeadSet" */ = {
			isa = XCConfigurationList;
			buildConfigurations = (
				504EC3141FED79650016851F /* Debug */,
				504EC3151FED79650016851F /* Release */,
			);
			defaultConfigurationIsVisible = 0;
			defaultConfigurationName = Release;
		};
		504EC3161FED79650016851F /* Build configuration list for PBXNativeTarget "DeadSet" */ = {
			isa = XCConfigurationList;
			buildConfigurations = (
				504EC3171FED79650016851F /* Debug */,
				504EC3181FED79650016851F /* Release */,
			);
			defaultConfigurationIsVisible = 0;
			defaultConfigurationName = Release;
		};
		F2160CEA1107A5763A29DBFA /* Build configuration list for PBXNativeTarget "DeadSetRestActivity" */ = {
			isa = XCConfigurationList;
			buildConfigurations = (
				A76D42C165E82C40567F3461 /* Release */,
				ADACD0E20326994F3FC86278 /* Debug */,
			);
			defaultConfigurationIsVisible = 0;
			defaultConfigurationName = Release;
		};
		DEADFA000000000000000008 /* Build configuration list for PBXNativeTarget "DeadSetWatch" */ = {
			isa = XCConfigurationList;
			buildConfigurations = (
				DEADFA000000000000000009 /* Debug */,
				DEADFA00000000000000000A /* Release */,
			);
			defaultConfigurationIsVisible = 0;
			defaultConfigurationName = Release;
		};
/* End XCConfigurationList section */

/* Begin XCLocalSwiftPackageReference section */
		D4C12C0A2AAA248700AAC8A2 /* XCLocalSwiftPackageReference "CapApp-SPM" */ = {
			isa = XCLocalSwiftPackageReference;
			relativePath = "CapApp-SPM";
		};
/* End XCLocalSwiftPackageReference section */

/* Begin XCSwiftPackageProductDependency section */
		4D22ABE82AF431CB00220026 /* CapApp-SPM */ = {
			isa = XCSwiftPackageProductDependency;
			package = D4C12C0A2AAA248700AAC8A2 /* XCLocalSwiftPackageReference "CapApp-SPM" */;
			productName = "CapApp-SPM";
		};
/* End XCSwiftPackageProductDependency section */
	};
	rootObject = 504EC2FC1FED79650016851F /* Project object */;
}
